# generated by rye
# use `rye lock` or `rye sync` to update this lockfile
#
# last locked with the following flags:
#   pre: false
#   features: []
#   all-features: false
#   with-sources: false
#   generate-hashes: false
#   universal: false

-e file:.
bcrypt==4.3.0
    # via paramiko
certifi==2025.1.31
    # via requests
cffi==1.17.1
    # via cryptography
    # via pynacl
charset-normalizer==3.4.1
    # via requests
colorama==0.4.6
    # via pytest
contourpy==1.3.1
    # via matplotlib
cryptography==44.0.2
    # via paramiko
cycler==0.12.1
    # via matplotlib
fonttools==4.55.0
    # via matplotlib
idna==3.10
    # via requests
iniconfig==2.1.0
    # via pytest
kiwisolver==1.4.7
    # via matplotlib
matplotlib==3.9.3
    # via c8855-photoncounter
maturin==1.8.3
    # via spcs-instruments
numpy==2.1.3
    # via contourpy
    # via matplotlib
    # via pandas
    # via scipy
    # via spcs-instruments
packaging==24.2
    # via matplotlib
    # via pytest
pandas==2.2.3
    # via spcs-instruments
paramiko==3.5.1
    # via sshtunnel
pillow==11.0.0
    # via matplotlib
    # via ttkbootstrap
pip==25.0.1
    # via spcs-instruments
pluggy==1.5.0
    # via pytest
pycparser==2.22
    # via cffi
pynacl==1.5.0
    # via paramiko
pyparsing==3.2.0
    # via matplotlib
pyserial==3.5
    # via spcs-instruments
pytest==8.3.5
    # via spcs-instruments
python-dateutil==2.9.0.post0
    # via matplotlib
    # via pandas
pytz==2025.2
    # via pandas
pyusb==1.3.1
    # via spcs-instruments
pyvisa==1.14.1
    # via pyvisa-py
    # via spcs-instruments
pyvisa-py==0.7.2
    # via spcs-instruments
requests==2.32.3
    # via spcs-instruments
scipy==1.15.2
    # via spcs-instruments
six==1.16.0
    # via python-dateutil
spcs-instruments==0.7.1
    # via c8855-photoncounter
sshtunnel==0.4.0
    # via spcs-instruments
toml==0.10.2
    # via spcs-instruments
ttkbootstrap==1.10.1
    # via c8855-photoncounter
typing-extensions==4.12.2
    # via pyvisa
    # via pyvisa-py
tzdata==2025.2
    # via pandas
urllib3==2.3.0
    # via requests
